{
  "version": 4,
  "terraform_version": "1.2.3",
  "serial": 26,
  "lineage": "dfca5f1f-d77e-cf78-e261-1236e5171b0e",
  "outputs": {
    "vijay_alb_dns_name": {
      "value": "vijay-app-dev-vijay-alb-497846943.us-west-2.elb.amazonaws.com",
      "type": "string"
    },
    "vijay_app_dns_name": {
      "value": "https://lbtest.vijay4devops.co",
      "type": "string"
    },
    "vijay_server_instance_id": {
      "value": [
        "i-0abb7d224549e7352"
      ],
      "type": [
        "tuple",
        [
          "string"
        ]
      ]
    },
    "vijay_server_instance_private_ip": {
      "value": [
        "10.11.1.65"
      ],
      "type": [
        "tuple",
        [
          "string"
        ]
      ]
    },
    "vijay_server_instance_public_dns": {
      "value": [
        "ec2-54-190-171-34.us-west-2.compute.amazonaws.com"
      ],
      "type": [
        "tuple",
        [
          "string"
        ]
      ]
    },
    "vijay_server_instance_public_ip": {
      "value": [
        "54.190.171.34"
      ],
      "type": [
        "tuple",
        [
          "string"
        ]
      ]
    }
  },
  "resources": [
    {
      "mode": "data",
      "type": "aws_ami",
      "name": "amazon-linux-2",
      "provider": "provider[\"registry.terraform.io/hashicorp/aws\"]",
      "instances": [
        {
          "schema_version": 0,
          "attributes": {
            "architecture": "x86_64",
            "arn": "arn:aws:ec2:us-west-2::image/ami-0d08ef957f0e4722b",
            "block_device_mappings": [
              {
                "device_name": "/dev/xvda",
                "ebs": {
                  "delete_on_termination": "true",
                  "encrypted": "false",
                  "iops": "0",
                  "snapshot_id": "snap-098547e3386ec5854",
                  "throughput": "0",
                  "volume_size": "8",
                  "volume_type": "gp2"
                },
                "no_device": "",
                "virtual_name": ""
              }
            ],
            "creation_date": "2022-06-14T19:44:16.000Z",
            "description": "Amazon Linux 2 AMI 2.0.20220606.1 x86_64 HVM gp2",
            "ena_support": true,
            "executable_users": null,
            "filter": [
              {
                "name": "name",
                "values": [
                  "amzn2-ami-hvm*"
                ]
              }
            ],
            "hypervisor": "xen",
            "id": "ami-0d08ef957f0e4722b",
            "image_id": "ami-0d08ef957f0e4722b",
            "image_location": "amazon/amzn2-ami-hvm-2.0.20220606.1-x86_64-gp2",
            "image_owner_alias": "amazon",
            "image_type": "machine",
            "kernel_id": null,
            "most_recent": true,
            "name": "amzn2-ami-hvm-2.0.20220606.1-x86_64-gp2",
            "name_regex": null,
            "owner_id": "137112412989",
            "owners": [
              "amazon"
            ],
            "platform": null,
            "platform_details": "Linux/UNIX",
            "product_codes": [],
            "public": true,
            "ramdisk_id": null,
            "root_device_name": "/dev/xvda",
            "root_device_type": "ebs",
            "root_snapshot_id": "snap-098547e3386ec5854",
            "sriov_net_support": "simple",
            "state": "available",
            "state_reason": {
              "code": "UNSET",
              "message": "UNSET"
            },
            "tags": {},
            "usage_operation": "RunInstances",
            "virtualization_type": "hvm"
          },
          "sensitive_attributes": []
        }
      ]
    },
    {
      "mode": "data",
      "type": "aws_ami",
      "name": "amazon-linux-2022",
      "provider": "provider[\"registry.terraform.io/hashicorp/aws\"]",
      "instances": [
        {
          "schema_version": 0,
          "attributes": {
            "architecture": "x86_64",
            "arn": "arn:aws:ec2:us-west-2::image/ami-098e42ae54c764c35",
            "block_device_mappings": [
              {
                "device_name": "/dev/xvda",
                "ebs": {
                  "delete_on_termination": "true",
                  "encrypted": "false",
                  "iops": "0",
                  "snapshot_id": "snap-06aa06f81c3e033a2",
                  "throughput": "0",
                  "volume_size": "8",
                  "volume_type": "gp2"
                },
                "no_device": "",
                "virtual_name": ""
              }
            ],
            "creation_date": "2022-06-14T19:54:17.000Z",
            "description": "Amazon Linux 2 Kernel 5.10 AMI 2.0.20220606.1 x86_64 HVM gp2",
            "ena_support": true,
            "executable_users": null,
            "filter": [
              {
                "name": "name",
                "values": [
                  "amzn2-ami-kernel-5*"
                ]
              }
            ],
            "hypervisor": "xen",
            "id": "ami-098e42ae54c764c35",
            "image_id": "ami-098e42ae54c764c35",
            "image_location": "amazon/amzn2-ami-kernel-5.10-hvm-2.0.20220606.1-x86_64-gp2",
            "image_owner_alias": "amazon",
            "image_type": "machine",
            "kernel_id": null,
            "most_recent": true,
            "name": "amzn2-ami-kernel-5.10-hvm-2.0.20220606.1-x86_64-gp2",
            "name_regex": null,
            "owner_id": "137112412989",
            "owners": [
              "amazon"
            ],
            "platform": null,
            "platform_details": "Linux/UNIX",
            "product_codes": [],
            "public": true,
            "ramdisk_id": null,
            "root_device_name": "/dev/xvda",
            "root_device_type": "ebs",
            "root_snapshot_id": "snap-06aa06f81c3e033a2",
            "sriov_net_support": "simple",
            "state": "available",
            "state_reason": {
              "code": "UNSET",
              "message": "UNSET"
            },
            "tags": {},
            "usage_operation": "RunInstances",
            "virtualization_type": "hvm"
          },
          "sensitive_attributes": []
        }
      ]
    },
    {
      "mode": "data",
      "type": "aws_route53_zone",
      "name": "public-zone",
      "provider": "provider[\"registry.terraform.io/hashicorp/aws\"]",
      "instances": [
        {
          "schema_version": 0,
          "attributes": {
            "arn": "arn:aws:route53:::hostedzone/Z0654307IPKTW7BADZON",
            "caller_reference": "c3bdd2a1-3eed-4052-abec-f940d89dffd2",
            "comment": "public interface",
            "id": "Z0654307IPKTW7BADZON",
            "linked_service_description": null,
            "linked_service_principal": null,
            "name": "vijay4devops.co",
            "name_servers": [
              "ns-754.awsdns-30.net",
              "ns-2001.awsdns-58.co.uk",
              "ns-21.awsdns-02.com",
              "ns-1271.awsdns-30.org"
            ],
            "private_zone": false,
            "resource_record_set_count": 2,
            "tags": {},
            "vpc_id": null,
            "zone_id": "Z0654307IPKTW7BADZON"
          },
          "sensitive_attributes": []
        }
      ]
    },
    {
      "mode": "managed",
      "type": "aws_acm_certificate",
      "name": "vijay-alb-certificate",
      "provider": "provider[\"registry.terraform.io/hashicorp/aws\"]",
      "instances": [
        {
          "schema_version": 0,
          "attributes": {
            "arn": "arn:aws:acm:us-west-2:961417237065:certificate/ce52bc01-7802-4b10-a0f0-1427b4f33e3b",
            "certificate_authority_arn": "",
            "certificate_body": null,
            "certificate_chain": null,
            "domain_name": "lbtest.vijay4devops.co",
            "domain_validation_options": [
              {
                "domain_name": "lbtest.vijay4devops.co",
                "resource_record_name": "_c08e70d32849dbf6212a65633c29ad8b.lbtest.vijay4devops.co.",
                "resource_record_type": "CNAME",
                "resource_record_value": "_988fd08d4adf826b11ed51b4f8c74aa1.vrztfgqhxj.acm-validations.aws."
              }
            ],
            "id": "arn:aws:acm:us-west-2:961417237065:certificate/ce52bc01-7802-4b10-a0f0-1427b4f33e3b",
            "options": [
              {
                "certificate_transparency_logging_preference": "ENABLED"
              }
            ],
            "private_key": null,
            "status": "PENDING_VALIDATION",
            "subject_alternative_names": [],
            "tags": {
              "Environment": "dev",
              "Name": "vijay-app-dev-vijay-alb-certificate"
            },
            "tags_all": {
              "Environment": "dev",
              "Name": "vijay-app-dev-vijay-alb-certificate"
            },
            "validation_emails": [],
            "validation_method": "DNS"
          },
          "sensitive_attributes": [],
          "private": "bnVsbA=="
        }
      ]
    },
    {
      "mode": "managed",
      "type": "aws_acm_certificate_validation",
      "name": "vijay-certificate-validation",
      "provider": "provider[\"registry.terraform.io/hashicorp/aws\"]",
      "instances": [
        {
          "schema_version": 0,
          "attributes": {
            "certificate_arn": "arn:aws:acm:us-west-2:961417237065:certificate/ce52bc01-7802-4b10-a0f0-1427b4f33e3b",
            "id": "2022-07-28 19:00:36.024 +0000 UTC",
            "timeouts": null,
            "validation_record_fqdns": [
              "_c08e70d32849dbf6212a65633c29ad8b.lbtest.vijay4devops.co"
            ]
          },
          "sensitive_attributes": [],
          "private": "eyJlMmJmYjczMC1lY2FhLTExZTYtOGY4OC0zNDM2M2JjN2M0YzAiOnsiY3JlYXRlIjoyNzAwMDAwMDAwMDAwfX0=",
          "dependencies": [
            "aws_acm_certificate.vijay-alb-certificate",
            "aws_route53_record.vijay-alb-certificate-validation-record",
            "data.aws_route53_zone.public-zone"
          ]
        }
      ]
    },
    {
      "mode": "managed",
      "type": "aws_alb_target_group_attachment",
      "name": "vijay-alb-target-group-attachment",
      "provider": "provider[\"registry.terraform.io/hashicorp/aws\"]",
      "instances": [
        {
          "schema_version": 0,
          "attributes": {
            "availability_zone": null,
            "id": "arn:aws:elasticloadbalancing:us-west-2:961417237065:targetgroup/vijay-app-dev-vijay-alb-tg/f76ffa9f2ddf7125-20220728190136487000000002",
            "port": 80,
            "target_group_arn": "arn:aws:elasticloadbalancing:us-west-2:961417237065:targetgroup/vijay-app-dev-vijay-alb-tg/f76ffa9f2ddf7125",
            "target_id": "i-0abb7d224549e7352"
          },
          "sensitive_attributes": [],
          "private": "bnVsbA==",
          "dependencies": [
            "aws_instance.vijay-server",
            "aws_key_pair.key_pair",
            "aws_lb_target_group.vijay-alb-target-group",
            "aws_security_group.aws-vijay-sg",
            "aws_subnet.public-subnet-1",
            "aws_vpc.vpc",
            "data.aws_ami.amazon-linux-2022",
            "tls_private_key.key_pair"
          ]
        }
      ]
    },
    {
      "mode": "managed",
      "type": "aws_instance",
      "name": "vijay-server",
      "provider": "provider[\"registry.terraform.io/hashicorp/aws\"]",
      "instances": [
        {
          "schema_version": 1,
          "attributes": {
            "ami": "ami-098e42ae54c764c35",
            "arn": "arn:aws:ec2:us-west-2:961417237065:instance/i-0abb7d224549e7352",
            "associate_public_ip_address": true,
            "availability_zone": "us-west-2a",
            "capacity_reservation_specification": [
              {
                "capacity_reservation_preference": "open",
                "capacity_reservation_target": []
              }
            ],
            "cpu_core_count": 1,
            "cpu_threads_per_core": 1,
            "credit_specification": [
              {
                "cpu_credits": "standard"
              }
            ],
            "disable_api_termination": false,
            "ebs_block_device": [
              {
                "delete_on_termination": true,
                "device_name": "/dev/xvda",
                "encrypted": true,
                "iops": 100,
                "kms_key_id": "arn:aws:kms:us-west-2:961417237065:key/5e481a5a-b4a0-4ee6-b251-17137ee940bd",
                "snapshot_id": "",
                "tags": {},
                "throughput": 0,
                "volume_id": "vol-09bd12b0300d57a19",
                "volume_size": 8,
                "volume_type": "gp2"
              }
            ],
            "ebs_optimized": false,
            "enclave_options": [
              {
                "enabled": false
              }
            ],
            "ephemeral_block_device": [],
            "get_password_data": false,
            "hibernation": false,
            "host_id": null,
            "iam_instance_profile": "",
            "id": "i-0abb7d224549e7352",
            "instance_initiated_shutdown_behavior": "stop",
            "instance_state": "running",
            "instance_type": "t2.micro",
            "ipv6_address_count": 0,
            "ipv6_addresses": [],
            "key_name": "vijay-app-dev-vijay-us-west-2",
            "launch_template": [],
            "metadata_options": [
              {
                "http_endpoint": "enabled",
                "http_put_response_hop_limit": 1,
                "http_tokens": "optional",
                "instance_metadata_tags": "disabled"
              }
            ],
            "monitoring": false,
            "network_interface": [],
            "outpost_arn": "",
            "password_data": "",
            "placement_group": "",
            "placement_partition_number": null,
            "primary_network_interface_id": "eni-0c661fa324f7d321c",
            "private_dns": "ip-10-11-1-65.us-west-2.compute.internal",
            "private_ip": "10.11.1.65",
            "public_dns": "ec2-54-190-171-34.us-west-2.compute.amazonaws.com",
            "public_ip": "54.190.171.34",
            "root_block_device": [
              {
                "delete_on_termination": true,
                "device_name": "/dev/xvda",
                "encrypted": true,
                "iops": 100,
                "kms_key_id": "arn:aws:kms:us-west-2:961417237065:key/5e481a5a-b4a0-4ee6-b251-17137ee940bd",
                "tags": null,
                "throughput": 0,
                "volume_id": "vol-09bd12b0300d57a19",
                "volume_size": 8,
                "volume_type": "gp2"
              }
            ],
            "secondary_private_ips": [],
            "security_groups": [],
            "source_dest_check": false,
            "subnet_id": "subnet-023fa3e0383c6f249",
            "tags": {
              "Environment": "dev",
              "Name": "vijay-app-dev-vijay-server"
            },
            "tags_all": {
              "Environment": "dev",
              "Name": "vijay-app-dev-vijay-server"
            },
            "tenancy": "default",
            "timeouts": null,
            "user_data": "333facd9b1e2eab14f5d165893e47ad0d1fd9bd3",
            "user_data_base64": null,
            "volume_tags": null,
            "vpc_security_group_ids": [
              "sg-0b9847829134228ed"
            ]
          },
          "sensitive_attributes": [],
          "private": "eyJlMmJmYjczMC1lY2FhLTExZTYtOGY4OC0zNDM2M2JjN2M0YzAiOnsiY3JlYXRlIjo2MDAwMDAwMDAwMDAsImRlbGV0ZSI6MTIwMDAwMDAwMDAwMCwidXBkYXRlIjo2MDAwMDAwMDAwMDB9LCJzY2hlbWFfdmVyc2lvbiI6IjEifQ==",
          "dependencies": [
            "aws_key_pair.key_pair",
            "aws_security_group.aws-vijay-sg",
            "aws_subnet.public-subnet-1",
            "aws_vpc.vpc",
            "data.aws_ami.amazon-linux-2022",
            "tls_private_key.key_pair"
          ]
        }
      ]
    },
    {
      "mode": "managed",
      "type": "aws_internet_gateway",
      "name": "gw",
      "provider": "provider[\"registry.terraform.io/hashicorp/aws\"]",
      "instances": [
        {
          "schema_version": 0,
          "attributes": {
            "arn": "arn:aws:ec2:us-west-2:961417237065:internet-gateway/igw-0a7211ac7caa481a2",
            "id": "igw-0a7211ac7caa481a2",
            "owner_id": "961417237065",
            "tags": {
              "Environment": "dev",
              "Name": "vijay-app-dev-igw"
            },
            "tags_all": {
              "Environment": "dev",
              "Name": "vijay-app-dev-igw"
            },
            "vpc_id": "vpc-0df7dd8c459847f44"
          },
          "sensitive_attributes": [],
          "private": "bnVsbA==",
          "dependencies": [
            "aws_vpc.vpc"
          ]
        }
      ]
    },
    {
      "mode": "managed",
      "type": "aws_key_pair",
      "name": "key_pair",
      "provider": "provider[\"registry.terraform.io/hashicorp/aws\"]",
      "instances": [
        {
          "schema_version": 1,
          "attributes": {
            "arn": "arn:aws:ec2:us-west-2:961417237065:key-pair/vijay-app-dev-vijay-us-west-2",
            "fingerprint": "2b:12:d0:30:b6:85:fb:ec:3d:a4:2b:a7:28:81:9b:5b",
            "id": "vijay-app-dev-vijay-us-west-2",
            "key_name": "vijay-app-dev-vijay-us-west-2",
            "key_name_prefix": "",
            "key_pair_id": "key-001887c6a3bdea687",
            "public_key": "ssh-rsa AAAAB3NzaC1yc2EAAAADAQABAAACAQDpu1vCaKmgRE0CdpzVV25yrM9CeQ0I3V2RUbqFxBOxawvRW3EBlbAma5mjpmmhgBnXjO8aL//Ktyhgy9ahexo2X1hmH7jyDdqLsaRjLZpsRLK5e74Tbxe6QiXTs4thF1LcqRjc6VIAAblkngLkgsERV6vUzEqkuRw/bSSGTwngNrF1bprlPrUp/NZ0lSJUw5ehSF5+0W3fRS+YO7HpvX7fq7WiSfhFE730MBPnq54Qzi0nqz9+mG/ATvCCPcKd8bQpzJIlNZlolphjs7hLw/wf7SR9efF3xffUQypbbZr/Yzg1kQVVccQaI5XoIXMpxTY+Pm6VGMuyM6iUGq0ktACGghk8rH43518gG0/JFhXETUFQgGgmeTxAjXRozgdlNPvTXLkIpqB4ctSM3pOyugG6GI/W1mJIv58fKce90Zs0k6WFW4bfs1XNX4PMv+XkF03No+LcEpOs7krp31NjlKL/THsd6CLQhlHi2aPIvsHZlRZWXckt6CMt/m18Zcl9nOiLG18YAZwruacBDdaBZFzTMkr98ouuBV4fJBm6oyasAftwZh4zqsU+Bhu7bB36nOhTqPHxWcPVRwEKLMuc7aQ2SZS4HTdKfZ0MyJEfcJR6QDEtBPOAj5/VYouNvTXBGUgMVCWV5AG47mu0SpAaA4Tf1eA8dbk50wgrvc9V6egmnQ==",
            "tags": null,
            "tags_all": {}
          },
          "sensitive_attributes": [],
          "private": "eyJzY2hlbWFfdmVyc2lvbiI6IjEifQ==",
          "dependencies": [
            "tls_private_key.key_pair"
          ]
        }
      ]
    },
    {
      "mode": "managed",
      "type": "aws_lb",
      "name": "vijay-alb",
      "provider": "provider[\"registry.terraform.io/hashicorp/aws\"]",
      "instances": [
        {
          "schema_version": 0,
          "attributes": {
            "access_logs": [
              {
                "bucket": "",
                "enabled": false,
                "prefix": ""
              }
            ],
            "arn": "arn:aws:elasticloadbalancing:us-west-2:961417237065:loadbalancer/app/vijay-app-dev-vijay-alb/79bddf330711a8e6",
            "arn_suffix": "app/vijay-app-dev-vijay-alb/79bddf330711a8e6",
            "customer_owned_ipv4_pool": "",
            "desync_mitigation_mode": "defensive",
            "dns_name": "vijay-app-dev-vijay-alb-497846943.us-west-2.elb.amazonaws.com",
            "drop_invalid_header_fields": false,
            "enable_cross_zone_load_balancing": null,
            "enable_deletion_protection": false,
            "enable_http2": false,
            "enable_waf_fail_open": false,
            "id": "arn:aws:elasticloadbalancing:us-west-2:961417237065:loadbalancer/app/vijay-app-dev-vijay-alb/79bddf330711a8e6",
            "idle_timeout": 60,
            "internal": false,
            "ip_address_type": "ipv4",
            "load_balancer_type": "application",
            "name": "vijay-app-dev-vijay-alb",
            "name_prefix": null,
            "security_groups": [
              "sg-0f5db2bf60ddc416f"
            ],
            "subnet_mapping": [
              {
                "allocation_id": "",
                "ipv6_address": "",
                "outpost_id": "",
                "private_ipv4_address": "",
                "subnet_id": "subnet-023fa3e0383c6f249"
              },
              {
                "allocation_id": "",
                "ipv6_address": "",
                "outpost_id": "",
                "private_ipv4_address": "",
                "subnet_id": "subnet-0309a1aa235baff20"
              },
              {
                "allocation_id": "",
                "ipv6_address": "",
                "outpost_id": "",
                "private_ipv4_address": "",
                "subnet_id": "subnet-074a920d5816621e1"
              }
            ],
            "subnets": [
              "subnet-023fa3e0383c6f249",
              "subnet-0309a1aa235baff20",
              "subnet-074a920d5816621e1"
            ],
            "tags": {
              "Environment": "dev",
              "Name": "vijay-app-dev-vijay-alb"
            },
            "tags_all": {
              "Environment": "dev",
              "Name": "vijay-app-dev-vijay-alb"
            },
            "timeouts": null,
            "vpc_id": "vpc-0df7dd8c459847f44",
            "zone_id": "Z1H1FL5HABSF5"
          },
          "sensitive_attributes": [],
          "private": "eyJlMmJmYjczMC1lY2FhLTExZTYtOGY4OC0zNDM2M2JjN2M0YzAiOnsiY3JlYXRlIjo2MDAwMDAwMDAwMDAsImRlbGV0ZSI6NjAwMDAwMDAwMDAwLCJ1cGRhdGUiOjYwMDAwMDAwMDAwMH19",
          "dependencies": [
            "aws_security_group.vijay-alb-sg",
            "aws_subnet.public-subnet-1",
            "aws_subnet.public-subnet-2",
            "aws_subnet.public-subnet-3",
            "aws_vpc.vpc"
          ]
        }
      ]
    },
    {
      "mode": "managed",
      "type": "aws_lb_listener",
      "name": "vijay-alb-listener",
      "provider": "provider[\"registry.terraform.io/hashicorp/aws\"]",
      "instances": [
        {
          "schema_version": 0,
          "attributes": {
            "alpn_policy": null,
            "arn": "arn:aws:elasticloadbalancing:us-west-2:961417237065:listener/app/vijay-app-dev-vijay-alb/79bddf330711a8e6/c912cd9ed7d6cc18",
            "certificate_arn": "arn:aws:acm:us-west-2:961417237065:certificate/ce52bc01-7802-4b10-a0f0-1427b4f33e3b",
            "default_action": [
              {
                "authenticate_cognito": [],
                "authenticate_oidc": [],
                "fixed_response": [],
                "forward": [],
                "order": 1,
                "redirect": [],
                "target_group_arn": "arn:aws:elasticloadbalancing:us-west-2:961417237065:targetgroup/vijay-app-dev-vijay-alb-tg/f76ffa9f2ddf7125",
                "type": "forward"
              }
            ],
            "id": "arn:aws:elasticloadbalancing:us-west-2:961417237065:listener/app/vijay-app-dev-vijay-alb/79bddf330711a8e6/c912cd9ed7d6cc18",
            "load_balancer_arn": "arn:aws:elasticloadbalancing:us-west-2:961417237065:loadbalancer/app/vijay-app-dev-vijay-alb/79bddf330711a8e6",
            "port": 443,
            "protocol": "HTTPS",
            "ssl_policy": "ELBSecurityPolicy-2016-08",
            "tags": null,
            "tags_all": {},
            "timeouts": null
          },
          "sensitive_attributes": [],
          "private": "eyJlMmJmYjczMC1lY2FhLTExZTYtOGY4OC0zNDM2M2JjN2M0YzAiOnsicmVhZCI6NjAwMDAwMDAwMDAwfX0=",
          "dependencies": [
            "aws_acm_certificate.vijay-alb-certificate",
            "aws_lb.vijay-alb",
            "aws_lb_target_group.vijay-alb-target-group",
            "aws_security_group.vijay-alb-sg",
            "aws_subnet.public-subnet-1",
            "aws_subnet.public-subnet-2",
            "aws_subnet.public-subnet-3",
            "aws_vpc.vpc"
          ]
        }
      ]
    },
    {
      "mode": "managed",
      "type": "aws_lb_listener_certificate",
      "name": "test",
      "provider": "provider[\"registry.terraform.io/hashicorp/aws\"]",
      "instances": [
        {
          "schema_version": 0,
          "attributes": {
            "certificate_arn": "arn:aws:acm:us-west-2:961417237065:certificate/ce52bc01-7802-4b10-a0f0-1427b4f33e3b",
            "id": "arn:aws:elasticloadbalancing:us-west-2:961417237065:listener/app/vijay-app-dev-vijay-alb/79bddf330711a8e6/c912cd9ed7d6cc18_arn:aws:acm:us-west-2:961417237065:certificate/ce52bc01-7802-4b10-a0f0-1427b4f33e3b",
            "listener_arn": "arn:aws:elasticloadbalancing:us-west-2:961417237065:listener/app/vijay-app-dev-vijay-alb/79bddf330711a8e6/c912cd9ed7d6cc18"
          },
          "sensitive_attributes": [],
          "private": "bnVsbA==",
          "dependencies": [
            "aws_acm_certificate.vijay-alb-certificate",
            "aws_acm_certificate_validation.vijay-certificate-validation",
            "aws_lb.vijay-alb",
            "aws_lb_listener.vijay-alb-listener",
            "aws_lb_target_group.vijay-alb-target-group",
            "aws_route53_record.vijay-alb-certificate-validation-record",
            "aws_security_group.vijay-alb-sg",
            "aws_subnet.public-subnet-1",
            "aws_subnet.public-subnet-2",
            "aws_subnet.public-subnet-3",
            "aws_vpc.vpc",
            "data.aws_route53_zone.public-zone"
          ]
        }
      ]
    },
    {
      "mode": "managed",
      "type": "aws_lb_listener_rule",
      "name": "test",
      "provider": "provider[\"registry.terraform.io/hashicorp/aws\"]",
      "instances": [
        {
          "schema_version": 0,
          "attributes": {
            "action": [
              {
                "authenticate_cognito": [],
                "authenticate_oidc": [],
                "fixed_response": [],
                "forward": [],
                "order": 1,
                "redirect": [],
                "target_group_arn": "arn:aws:elasticloadbalancing:us-west-2:961417237065:targetgroup/vijay-app-dev-vijay-alb-tg/f76ffa9f2ddf7125",
                "type": "forward"
              }
            ],
            "arn": "arn:aws:elasticloadbalancing:us-west-2:961417237065:listener-rule/app/vijay-app-dev-vijay-alb/79bddf330711a8e6/c912cd9ed7d6cc18/c6e2e56dcf7c1abb",
            "condition": [
              {
                "host_header": [
                  {
                    "values": [
                      "lbtest.vijay4devops.co"
                    ]
                  }
                ],
                "http_header": [],
                "http_request_method": [],
                "path_pattern": [],
                "query_string": [],
                "source_ip": []
              }
            ],
            "id": "arn:aws:elasticloadbalancing:us-west-2:961417237065:listener-rule/app/vijay-app-dev-vijay-alb/79bddf330711a8e6/c912cd9ed7d6cc18/c6e2e56dcf7c1abb",
            "listener_arn": "arn:aws:elasticloadbalancing:us-west-2:961417237065:listener/app/vijay-app-dev-vijay-alb/79bddf330711a8e6/c912cd9ed7d6cc18",
            "priority": 100,
            "tags": null,
            "tags_all": {}
          },
          "sensitive_attributes": [],
          "private": "bnVsbA==",
          "dependencies": [
            "aws_acm_certificate.vijay-alb-certificate",
            "aws_lb.vijay-alb",
            "aws_lb_listener.vijay-alb-listener",
            "aws_lb_target_group.vijay-alb-target-group",
            "aws_security_group.vijay-alb-sg",
            "aws_subnet.public-subnet-1",
            "aws_subnet.public-subnet-2",
            "aws_subnet.public-subnet-3",
            "aws_vpc.vpc"
          ]
        }
      ]
    },
    {
      "mode": "managed",
      "type": "aws_lb_target_group",
      "name": "vijay-alb-target-group",
      "provider": "provider[\"registry.terraform.io/hashicorp/aws\"]",
      "instances": [
        {
          "schema_version": 0,
          "attributes": {
            "arn": "arn:aws:elasticloadbalancing:us-west-2:961417237065:targetgroup/vijay-app-dev-vijay-alb-tg/f76ffa9f2ddf7125",
            "arn_suffix": "targetgroup/vijay-app-dev-vijay-alb-tg/f76ffa9f2ddf7125",
            "connection_termination": false,
            "deregistration_delay": "60",
            "health_check": [
              {
                "enabled": true,
                "healthy_threshold": 3,
                "interval": 30,
                "matcher": "200,301,302",
                "path": "/index.html",
                "port": "80",
                "protocol": "HTTP",
                "timeout": 10,
                "unhealthy_threshold": 3
              }
            ],
            "id": "arn:aws:elasticloadbalancing:us-west-2:961417237065:targetgroup/vijay-app-dev-vijay-alb-tg/f76ffa9f2ddf7125",
            "lambda_multi_value_headers_enabled": false,
            "load_balancing_algorithm_type": "round_robin",
            "name": "vijay-app-dev-vijay-alb-tg",
            "name_prefix": null,
            "port": 80,
            "preserve_client_ip": null,
            "protocol": "HTTP",
            "protocol_version": "HTTP1",
            "proxy_protocol_v2": false,
            "slow_start": 0,
            "stickiness": [
              {
                "cookie_duration": 86400,
                "cookie_name": "",
                "enabled": true,
                "type": "lb_cookie"
              }
            ],
            "tags": null,
            "tags_all": {},
            "target_type": "instance",
            "vpc_id": "vpc-0df7dd8c459847f44"
          },
          "sensitive_attributes": [],
          "private": "bnVsbA==",
          "dependencies": [
            "aws_vpc.vpc"
          ]
        }
      ]
    },
    {
      "mode": "managed",
      "type": "aws_route53_record",
      "name": "linux-alb-a-record",
      "provider": "provider[\"registry.terraform.io/hashicorp/aws\"]",
      "instances": [
        {
          "schema_version": 2,
          "attributes": {
            "alias": [
              {
                "evaluate_target_health": true,
                "name": "vijay-app-dev-vijay-alb-497846943.us-west-2.elb.amazonaws.com",
                "zone_id": "Z1H1FL5HABSF5"
              }
            ],
            "allow_overwrite": null,
            "failover_routing_policy": [],
            "fqdn": "lbtest.vijay4devops.co",
            "geolocation_routing_policy": [],
            "health_check_id": null,
            "id": "Z0654307IPKTW7BADZON_lbtest.vijay4devops.co_A",
            "latency_routing_policy": [],
            "multivalue_answer_routing_policy": null,
            "name": "lbtest.vijay4devops.co",
            "records": null,
            "set_identifier": null,
            "ttl": null,
            "type": "A",
            "weighted_routing_policy": [],
            "zone_id": "Z0654307IPKTW7BADZON"
          },
          "sensitive_attributes": [],
          "private": "eyJzY2hlbWFfdmVyc2lvbiI6IjIifQ==",
          "dependencies": [
            "aws_lb.vijay-alb",
            "aws_security_group.vijay-alb-sg",
            "aws_subnet.public-subnet-1",
            "aws_subnet.public-subnet-2",
            "aws_subnet.public-subnet-3",
            "aws_vpc.vpc",
            "data.aws_route53_zone.public-zone"
          ]
        }
      ]
    },
    {
      "mode": "managed",
      "type": "aws_route53_record",
      "name": "vijay-alb-certificate-validation-record",
      "provider": "provider[\"registry.terraform.io/hashicorp/aws\"]",
      "instances": [
        {
          "index_key": "lbtest.vijay4devops.co",
          "schema_version": 2,
          "attributes": {
            "alias": [],
            "allow_overwrite": true,
            "failover_routing_policy": [],
            "fqdn": "_c08e70d32849dbf6212a65633c29ad8b.lbtest.vijay4devops.co",
            "geolocation_routing_policy": [],
            "health_check_id": null,
            "id": "Z0654307IPKTW7BADZON__c08e70d32849dbf6212a65633c29ad8b.lbtest.vijay4devops.co._CNAME",
            "latency_routing_policy": [],
            "multivalue_answer_routing_policy": null,
            "name": "_c08e70d32849dbf6212a65633c29ad8b.lbtest.vijay4devops.co",
            "records": [
              "_988fd08d4adf826b11ed51b4f8c74aa1.vrztfgqhxj.acm-validations.aws."
            ],
            "set_identifier": null,
            "ttl": 60,
            "type": "CNAME",
            "weighted_routing_policy": [],
            "zone_id": "Z0654307IPKTW7BADZON"
          },
          "sensitive_attributes": [],
          "private": "eyJzY2hlbWFfdmVyc2lvbiI6IjIifQ==",
          "dependencies": [
            "aws_acm_certificate.vijay-alb-certificate",
            "data.aws_route53_zone.public-zone"
          ]
        }
      ]
    },
    {
      "mode": "managed",
      "type": "aws_route_table",
      "name": "public-rt",
      "provider": "provider[\"registry.terraform.io/hashicorp/aws\"]",
      "instances": [
        {
          "schema_version": 0,
          "attributes": {
            "arn": "arn:aws:ec2:us-west-2:961417237065:route-table/rtb-00dc437c829d3b94e",
            "id": "rtb-00dc437c829d3b94e",
            "owner_id": "961417237065",
            "propagating_vgws": [],
            "route": [
              {
                "carrier_gateway_id": "",
                "cidr_block": "0.0.0.0/0",
                "destination_prefix_list_id": "",
                "egress_only_gateway_id": "",
                "gateway_id": "igw-0a7211ac7caa481a2",
                "instance_id": "",
                "ipv6_cidr_block": "",
                "local_gateway_id": "",
                "nat_gateway_id": "",
                "network_interface_id": "",
                "transit_gateway_id": "",
                "vpc_endpoint_id": "",
                "vpc_peering_connection_id": ""
              }
            ],
            "tags": {
              "Environment": "dev",
              "Name": "vijay-app-dev-public-subnet-rt"
            },
            "tags_all": {
              "Environment": "dev",
              "Name": "vijay-app-dev-public-subnet-rt"
            },
            "timeouts": null,
            "vpc_id": "vpc-0df7dd8c459847f44"
          },
          "sensitive_attributes": [],
          "private": "eyJlMmJmYjczMC1lY2FhLTExZTYtOGY4OC0zNDM2M2JjN2M0YzAiOnsiY3JlYXRlIjozMDAwMDAwMDAwMDAsImRlbGV0ZSI6MzAwMDAwMDAwMDAwLCJ1cGRhdGUiOjEyMDAwMDAwMDAwMH19",
          "dependencies": [
            "aws_internet_gateway.gw",
            "aws_vpc.vpc"
          ]
        }
      ]
    },
    {
      "mode": "managed",
      "type": "aws_route_table_association",
      "name": "public-rt-1-association",
      "provider": "provider[\"registry.terraform.io/hashicorp/aws\"]",
      "instances": [
        {
          "schema_version": 0,
          "attributes": {
            "gateway_id": "",
            "id": "rtbassoc-0b5d78766f11583a0",
            "route_table_id": "rtb-00dc437c829d3b94e",
            "subnet_id": "subnet-023fa3e0383c6f249"
          },
          "sensitive_attributes": [],
          "private": "bnVsbA==",
          "dependencies": [
            "aws_internet_gateway.gw",
            "aws_route_table.public-rt",
            "aws_subnet.public-subnet-1",
            "aws_vpc.vpc"
          ]
        }
      ]
    },
    {
      "mode": "managed",
      "type": "aws_route_table_association",
      "name": "public-rt-2-association",
      "provider": "provider[\"registry.terraform.io/hashicorp/aws\"]",
      "instances": [
        {
          "schema_version": 0,
          "attributes": {
            "gateway_id": "",
            "id": "rtbassoc-0cd7b626c01d5aa4f",
            "route_table_id": "rtb-00dc437c829d3b94e",
            "subnet_id": "subnet-0309a1aa235baff20"
          },
          "sensitive_attributes": [],
          "private": "bnVsbA==",
          "dependencies": [
            "aws_internet_gateway.gw",
            "aws_route_table.public-rt",
            "aws_subnet.public-subnet-2",
            "aws_vpc.vpc"
          ]
        }
      ]
    },
    {
      "mode": "managed",
      "type": "aws_route_table_association",
      "name": "public-rt-3-association",
      "provider": "provider[\"registry.terraform.io/hashicorp/aws\"]",
      "instances": [
        {
          "schema_version": 0,
          "attributes": {
            "gateway_id": "",
            "id": "rtbassoc-0d36665b1bb975b93",
            "route_table_id": "rtb-00dc437c829d3b94e",
            "subnet_id": "subnet-074a920d5816621e1"
          },
          "sensitive_attributes": [],
          "private": "bnVsbA==",
          "dependencies": [
            "aws_internet_gateway.gw",
            "aws_route_table.public-rt",
            "aws_subnet.public-subnet-3",
            "aws_vpc.vpc"
          ]
        }
      ]
    },
    {
      "mode": "managed",
      "type": "aws_security_group",
      "name": "aws-vijay-sg",
      "provider": "provider[\"registry.terraform.io/hashicorp/aws\"]",
      "instances": [
        {
          "schema_version": 1,
          "attributes": {
            "arn": "arn:aws:ec2:us-west-2:961417237065:security-group/sg-0b9847829134228ed",
            "description": "Allow incoming HTTP connections",
            "egress": [
              {
                "cidr_blocks": [
                  "0.0.0.0/0"
                ],
                "description": "",
                "from_port": 0,
                "ipv6_cidr_blocks": [],
                "prefix_list_ids": [],
                "protocol": "-1",
                "security_groups": [],
                "self": false,
                "to_port": 0
              }
            ],
            "id": "sg-0b9847829134228ed",
            "ingress": [
              {
                "cidr_blocks": [
                  "0.0.0.0/0"
                ],
                "description": "Allow incoming HTTP connections",
                "from_port": 80,
                "ipv6_cidr_blocks": [],
                "prefix_list_ids": [],
                "protocol": "tcp",
                "security_groups": [],
                "self": false,
                "to_port": 80
              },
              {
                "cidr_blocks": [
                  "0.0.0.0/0"
                ],
                "description": "Allow incoming SSH connections",
                "from_port": 22,
                "ipv6_cidr_blocks": [],
                "prefix_list_ids": [],
                "protocol": "tcp",
                "security_groups": [],
                "self": false,
                "to_port": 22
              }
            ],
            "name": "vijay-app-dev-vijay-sg",
            "name_prefix": "",
            "owner_id": "961417237065",
            "revoke_rules_on_delete": false,
            "tags": {
              "Environment": "dev",
              "Name": "vijay-app-dev-vijay-sg"
            },
            "tags_all": {
              "Environment": "dev",
              "Name": "vijay-app-dev-vijay-sg"
            },
            "timeouts": null,
            "vpc_id": "vpc-0df7dd8c459847f44"
          },
          "sensitive_attributes": [],
          "private": "eyJlMmJmYjczMC1lY2FhLTExZTYtOGY4OC0zNDM2M2JjN2M0YzAiOnsiY3JlYXRlIjo2MDAwMDAwMDAwMDAsImRlbGV0ZSI6OTAwMDAwMDAwMDAwfSwic2NoZW1hX3ZlcnNpb24iOiIxIn0=",
          "dependencies": [
            "aws_vpc.vpc"
          ]
        }
      ]
    },
    {
      "mode": "managed",
      "type": "aws_security_group",
      "name": "vijay-alb-sg",
      "provider": "provider[\"registry.terraform.io/hashicorp/aws\"]",
      "instances": [
        {
          "schema_version": 1,
          "attributes": {
            "arn": "arn:aws:ec2:us-west-2:961417237065:security-group/sg-0f5db2bf60ddc416f",
            "description": "Allow web traffic to the load balancer",
            "egress": [
              {
                "cidr_blocks": [
                  "0.0.0.0/0"
                ],
                "description": "",
                "from_port": 0,
                "ipv6_cidr_blocks": [],
                "prefix_list_ids": [],
                "protocol": "-1",
                "security_groups": [],
                "self": false,
                "to_port": 0
              }
            ],
            "id": "sg-0f5db2bf60ddc416f",
            "ingress": [
              {
                "cidr_blocks": [
                  "0.0.0.0/0"
                ],
                "description": "",
                "from_port": 443,
                "ipv6_cidr_blocks": [],
                "prefix_list_ids": [],
                "protocol": "tcp",
                "security_groups": [],
                "self": false,
                "to_port": 443
              }
            ],
            "name": "vijay-app-dev-vijay-alb-sg",
            "name_prefix": "",
            "owner_id": "961417237065",
            "revoke_rules_on_delete": false,
            "tags": {
              "Environment": "dev",
              "Name": "vijay-app-dev-vijay-alb-sg"
            },
            "tags_all": {
              "Environment": "dev",
              "Name": "vijay-app-dev-vijay-alb-sg"
            },
            "timeouts": null,
            "vpc_id": "vpc-0df7dd8c459847f44"
          },
          "sensitive_attributes": [],
          "private": "eyJlMmJmYjczMC1lY2FhLTExZTYtOGY4OC0zNDM2M2JjN2M0YzAiOnsiY3JlYXRlIjo2MDAwMDAwMDAwMDAsImRlbGV0ZSI6OTAwMDAwMDAwMDAwfSwic2NoZW1hX3ZlcnNpb24iOiIxIn0=",
          "dependencies": [
            "aws_vpc.vpc"
          ]
        }
      ]
    },
    {
      "mode": "managed",
      "type": "aws_subnet",
      "name": "public-subnet-1",
      "provider": "provider[\"registry.terraform.io/hashicorp/aws\"]",
      "instances": [
        {
          "schema_version": 1,
          "attributes": {
            "arn": "arn:aws:ec2:us-west-2:961417237065:subnet/subnet-023fa3e0383c6f249",
            "assign_ipv6_address_on_creation": false,
            "availability_zone": "us-west-2a",
            "availability_zone_id": "usw2-az2",
            "cidr_block": "10.11.1.0/24",
            "customer_owned_ipv4_pool": "",
            "enable_dns64": false,
            "enable_resource_name_dns_a_record_on_launch": false,
            "enable_resource_name_dns_aaaa_record_on_launch": false,
            "id": "subnet-023fa3e0383c6f249",
            "ipv6_cidr_block": "",
            "ipv6_cidr_block_association_id": "",
            "ipv6_native": false,
            "map_customer_owned_ip_on_launch": false,
            "map_public_ip_on_launch": false,
            "outpost_arn": "",
            "owner_id": "961417237065",
            "private_dns_hostname_type_on_launch": "ip-name",
            "tags": {
              "Environment": "dev",
              "Name": "vijay-app-dev-public-subnet-1"
            },
            "tags_all": {
              "Environment": "dev",
              "Name": "vijay-app-dev-public-subnet-1"
            },
            "timeouts": null,
            "vpc_id": "vpc-0df7dd8c459847f44"
          },
          "sensitive_attributes": [],
          "private": "eyJlMmJmYjczMC1lY2FhLTExZTYtOGY4OC0zNDM2M2JjN2M0YzAiOnsiY3JlYXRlIjo2MDAwMDAwMDAwMDAsImRlbGV0ZSI6MTIwMDAwMDAwMDAwMH0sInNjaGVtYV92ZXJzaW9uIjoiMSJ9",
          "dependencies": [
            "aws_vpc.vpc"
          ]
        }
      ]
    },
    {
      "mode": "managed",
      "type": "aws_subnet",
      "name": "public-subnet-2",
      "provider": "provider[\"registry.terraform.io/hashicorp/aws\"]",
      "instances": [
        {
          "schema_version": 1,
          "attributes": {
            "arn": "arn:aws:ec2:us-west-2:961417237065:subnet/subnet-0309a1aa235baff20",
            "assign_ipv6_address_on_creation": false,
            "availability_zone": "us-west-2b",
            "availability_zone_id": "usw2-az1",
            "cidr_block": "10.11.2.0/24",
            "customer_owned_ipv4_pool": "",
            "enable_dns64": false,
            "enable_resource_name_dns_a_record_on_launch": false,
            "enable_resource_name_dns_aaaa_record_on_launch": false,
            "id": "subnet-0309a1aa235baff20",
            "ipv6_cidr_block": "",
            "ipv6_cidr_block_association_id": "",
            "ipv6_native": false,
            "map_customer_owned_ip_on_launch": false,
            "map_public_ip_on_launch": false,
            "outpost_arn": "",
            "owner_id": "961417237065",
            "private_dns_hostname_type_on_launch": "ip-name",
            "tags": {
              "Environment": "dev",
              "Name": "vijay-app-dev-public-subnet-2"
            },
            "tags_all": {
              "Environment": "dev",
              "Name": "vijay-app-dev-public-subnet-2"
            },
            "timeouts": null,
            "vpc_id": "vpc-0df7dd8c459847f44"
          },
          "sensitive_attributes": [],
          "private": "eyJlMmJmYjczMC1lY2FhLTExZTYtOGY4OC0zNDM2M2JjN2M0YzAiOnsiY3JlYXRlIjo2MDAwMDAwMDAwMDAsImRlbGV0ZSI6MTIwMDAwMDAwMDAwMH0sInNjaGVtYV92ZXJzaW9uIjoiMSJ9",
          "dependencies": [
            "aws_vpc.vpc"
          ]
        }
      ]
    },
    {
      "mode": "managed",
      "type": "aws_subnet",
      "name": "public-subnet-3",
      "provider": "provider[\"registry.terraform.io/hashicorp/aws\"]",
      "instances": [
        {
          "schema_version": 1,
          "attributes": {
            "arn": "arn:aws:ec2:us-west-2:961417237065:subnet/subnet-074a920d5816621e1",
            "assign_ipv6_address_on_creation": false,
            "availability_zone": "us-west-2c",
            "availability_zone_id": "usw2-az3",
            "cidr_block": "10.11.3.0/24",
            "customer_owned_ipv4_pool": "",
            "enable_dns64": false,
            "enable_resource_name_dns_a_record_on_launch": false,
            "enable_resource_name_dns_aaaa_record_on_launch": false,
            "id": "subnet-074a920d5816621e1",
            "ipv6_cidr_block": "",
            "ipv6_cidr_block_association_id": "",
            "ipv6_native": false,
            "map_customer_owned_ip_on_launch": false,
            "map_public_ip_on_launch": false,
            "outpost_arn": "",
            "owner_id": "961417237065",
            "private_dns_hostname_type_on_launch": "ip-name",
            "tags": {
              "Environment": "dev",
              "Name": "vijay-app-dev-public-subnet-3"
            },
            "tags_all": {
              "Environment": "dev",
              "Name": "vijay-app-dev-public-subnet-3"
            },
            "timeouts": null,
            "vpc_id": "vpc-0df7dd8c459847f44"
          },
          "sensitive_attributes": [],
          "private": "eyJlMmJmYjczMC1lY2FhLTExZTYtOGY4OC0zNDM2M2JjN2M0YzAiOnsiY3JlYXRlIjo2MDAwMDAwMDAwMDAsImRlbGV0ZSI6MTIwMDAwMDAwMDAwMH0sInNjaGVtYV92ZXJzaW9uIjoiMSJ9",
          "dependencies": [
            "aws_vpc.vpc"
          ]
        }
      ]
    },
    {
      "mode": "managed",
      "type": "aws_vpc",
      "name": "vpc",
      "provider": "provider[\"registry.terraform.io/hashicorp/aws\"]",
      "instances": [
        {
          "schema_version": 1,
          "attributes": {
            "arn": "arn:aws:ec2:us-west-2:961417237065:vpc/vpc-0df7dd8c459847f44",
            "assign_generated_ipv6_cidr_block": false,
            "cidr_block": "10.11.0.0/16",
            "default_network_acl_id": "acl-088c3ddfef6d2c236",
            "default_route_table_id": "rtb-0679691104cdec26a",
            "default_security_group_id": "sg-09679ea01a4c919c9",
            "dhcp_options_id": "dopt-0c216c055d7d54088",
            "enable_classiclink": false,
            "enable_classiclink_dns_support": false,
            "enable_dns_hostnames": true,
            "enable_dns_support": true,
            "id": "vpc-0df7dd8c459847f44",
            "instance_tenancy": "default",
            "ipv4_ipam_pool_id": null,
            "ipv4_netmask_length": null,
            "ipv6_association_id": "",
            "ipv6_cidr_block": "",
            "ipv6_cidr_block_network_border_group": "",
            "ipv6_ipam_pool_id": "",
            "ipv6_netmask_length": 0,
            "main_route_table_id": "rtb-0679691104cdec26a",
            "owner_id": "961417237065",
            "tags": {
              "Environment": "dev",
              "Name": "vijay-app-dev-vpc"
            },
            "tags_all": {
              "Environment": "dev",
              "Name": "vijay-app-dev-vpc"
            }
          },
          "sensitive_attributes": [],
          "private": "eyJzY2hlbWFfdmVyc2lvbiI6IjEifQ=="
        }
      ]
    },
    {
      "mode": "managed",
      "type": "local_file",
      "name": "ssh_key",
      "provider": "provider[\"registry.terraform.io/hashicorp/local\"]",
      "instances": [
        {
          "schema_version": 0,
          "attributes": {
            "content": "-----BEGIN RSA PRIVATE KEY-----\nMIIJKQIBAAKCAgEA6btbwmipoERNAnac1VducqzPQnkNCN1dkVG6hcQTsWsL0Vtx\nAZWwJmuZo6ZpoYAZ14zvGi//yrcoYMvWoXsaNl9YZh+48g3ai7GkYy2abESyuXu+\nE28XukIl07OLYRdS3KkY3OlSAAG5ZJ4C5ILBEVer1MxKpLkcP20khk8J4DaxdW6a\n5T61KfzWdJUiVMOXoUheftFt30UvmDux6b1+36u1okn4RRO99DAT56ueEM4tJ6s/\nfphvwE7wgj3CnfG0KcySJTWZaJaYY7O4S8P8H+0kfXnxd8X31EMqW22a/2M4NZEF\nVXHEGiOV6CFzKcU2Pj5ulRjLsjOolBqtJLQAhoIZPKx+N+dfIBtPyRYVxE1BUIBo\nJnk8QI10aM4HZTT701y5CKageHLUjN6TsroBuhiP1tZiSL+fHynHvdGbNJOlhVuG\n37NVzV+DzL/l5BdNzaPi3BKTrO5K6d9TY5Si/0x7Hegi0IZR4tmjyL7B2ZUWVl3J\nLegjLf5tfGXJfZzoixtfGAGcK7mnAQ3WgWRc0zJK/fKLrgVeHyQZuqMmrAH7cGYe\nM6rFPgYbu2wd+pzoU6jx8VnD1UcBCizLnO2kNkmUuB03Sn2dDMiRH3CUekAxLQTz\ngI+f1WKLjb01wRlIDFQlleQBuO5rtEqQGgOE39XgPHW5OdMIK73PVenoJp0CAwEA\nAQKCAgEAl6L79vacBeQJ6i01tptQholitYd/U176U0sorZv2AsamFh8zA4ovi92H\nAcr3ANXw7gz7GoxFcSi+w327M2yAJwJYgXjXLgKa5MJNGiL96nvvT7LeMBGE3UwI\n6n2zUTwmgA4cmUWt818q/gIdck76Htw4GIipbJDDqMqQRaqFh7c0DjHBwDScqC7m\nmyAd88wpVXN0CuaoV4+1PxiLZk+QPmBSKIXA0l/qfr+qSkTm+ZQpa3EIcoNHDQap\ntnWHC51B+1RDBGzvqBD7sMNqL41oxvW9FMLGS6ReEpG4qzRCuKmQUABT64kxZpvr\np3v8EP9nH561c3lwvZ4SInPkHMnDBENRWjvaRvzQyVYUzGLV6MQHEAVWIb7jQBZl\nQT4GLHvFTNXFJsYVTLrYvypBSPkMgnMIFXbguZTZxABrZ6QcaDtwEmMAbbu7iWHN\nVGfJUfd2/Z1oiPnC7GfBZ3I/mxNrMwtGnnEX4hfUnEDxG0y4Q7PmAA5Keg7EJPFD\n0gQzqccPN5T+76JaUBNAQnqZMRM//gm3pk5GuVkaDfodKftwirw6SARkarDaQbDa\ndtcvx4PIQVWeKTYa1Ui40DVGFG/dnTKI6IKplN+aRbPIY/M6jBrxiaA+Px2B0xrT\nxyzdNJ6ANBD68rO+WwprlC73QjxS1yHqFTFruMF5DJBE/90uLcECggEBAOxOsN3L\nYl//IvWKe0l5QzaBE4CITkpS0EGlh94eHL6A++95Nyv0edgHlYvXwSSR0P5TdZ6l\nkKi3ecL9GwWmXHbbSMp+2YQtrJjZ8NpsAJgdPrKHgZCVYei7K3nqJfyEesUwMZdO\nObH29nOxjDMfIx/KZ/X4gl7VGUH06YKQYCgmG6Toim4rueOECnW5PtdH2YcRZCCs\nDy3XMj6RMiz6O2MS2Vo6dg1c8xSK+qUPP5ovVe3V6hutE7NxtNxgpK+o3NZnZFEU\nDkCnk1oXLehosTiTcf6cXu7iZPA6nfQ8c+61bb247a/t13Q8c4Pn8DJZ6ybYM1D4\nWxYR+ZbCMgOeYMkCggEBAP01uOW1KkkbezKSDO5yjW6og+ybOQ3+xWkrna/paZcv\n5pfalAifPLpwInOR4sIRWRuFaUexD0mwkrYXZy4MyBLRQhNFstpWbDLkcR0WaVm7\nwcT+TZKsC6QL/1pBAB0lI1Kr3NHJKo/eSeUKebtP9TU2Cg1XNngPSLBT/qB5+SIY\n9w3NphLU2RMmsqkMGiXNvUSkNUtDJkdjbmUTK+pgFjqqSJCgIW9gmDv4xfhB2z/l\nrBAnIECIe+2rVlZREbYQXkcgfxEW3vpiUFHpibVcjBOQXE3VkFGtywWxP4wQNVZH\ns/qhquu2DqFE4HL3+GATRcUMfyI4FZssUwTnKLowtTUCggEAe4KNsv9wxZgG36un\n0LlOxhgk51NXCEXMj+NC5nd6sp+cDoieq5y2apFcOqFkVAba43Mf0PHccDKls6Kz\nEvrm7UCkBSLT8eAljCatWpyEmvz+HjXxJG7Po+LgUHJvtFJSEOqloN3EDh50pfew\nva+SnjUerVNcYNCkyPKHcjSf7Zwtar4YTIkSObZz+R//lmn5aj1OxjzoGh+WJVmi\njhukGp5peF2CAm4Ipz4Uz1zu81m2Yf8iw6Bs4aeWznC84wsxkeasaiw/Xs+3lqjy\n17yQlG+Mb3WvsNAnzd/1WwiV17iASV907DU2HYzTG6iIxOh2nfD2sWV9xkVS3NdX\naMjI8QKCAQEAotf+BZ0xiLrnzGopbuC1HMm7rltVoi6Lf0vRqeSPR/BCeL7WHYVr\nZOvg/DqCfxTxHcX7I2Q31Mh+UiVS8ka+FXwG5qYYlFqoU0KfjHlxX4hk4fA6q22C\nPwqIOt8614Oe5/gnl7Osb8Ih++90woZ1yLbsWBASs7wAn4YlZ8eJ9efgWzw65jmF\nMc/dbuKdnlpmstJ4g+K3p4nG4bImuCD7qtcAvCJ/3kVdIpSnnTWdb8ahlfHTyCz+\npqdeazzQCysTtuKrVa5D0PuRdFyhd8YBQEPDWTtUCXOf8hVALS/vXYHXugRnDBiV\n6BmHz+iyD/fVExkqWjN/kcA71BdmFfhlUQKCAQBYMAWHldqS6qzhp05bNleF8pm3\nNwFoKMK55vaeEyMXyoLBialest/JO+8j/L8hGIjROYoD0oSrsZculMqEmLFm6FDa\n9RUxqKTWdBdUxVDCfF90cBVVUPza0x3qThDK4NLVF9PQMQlAphO0LxlcuQjrimqo\nob64HjILrcTFkdp6xdO1IZDS2t8153kF3dA4z7r4ubPP5xnqCiOxFi7s7CsKzaHm\nNWRtLmxnax/CMcSPGLPn+n9vmieaKRoBJerK3jm4Vq/4qyHGeIfth6Di1hAa1tkE\nV0oJLpqPjROSG3ynfr/F+1iYTM14zbOqWHHz/kfdBLkP8+ERJs9aEY49TnUR\n-----END RSA PRIVATE KEY-----\n",
            "content_base64": null,
            "directory_permission": "0777",
            "file_permission": "0777",
            "filename": "vijay-app-dev-vijay-us-west-2.pem",
            "id": "45e105aa050a7729c10d4758785da464922db885",
            "sensitive_content": null,
            "source": null
          },
          "sensitive_attributes": [
            [
              {
                "type": "get_attr",
                "value": "content"
              }
            ]
          ],
          "private": "bnVsbA==",
          "dependencies": [
            "aws_key_pair.key_pair",
            "tls_private_key.key_pair"
          ]
        }
      ]
    },
    {
      "mode": "managed",
      "type": "tls_private_key",
      "name": "key_pair",
      "provider": "provider[\"registry.terraform.io/hashicorp/tls\"]",
      "instances": [
        {
          "schema_version": 1,
          "attributes": {
            "algorithm": "RSA",
            "ecdsa_curve": "P224",
            "id": "59280f99e76332072f695dad25e02eb3bdaf0bde",
            "private_key_openssh": "-----BEGIN OPENSSH PRIVATE KEY-----\nb3BlbnNzaC1rZXktdjEAAAAABG5vbmUAAAAEbm9uZQAAAAAAAAABAAACFwAAAAdz\nc2gtcnNhAAAAAwEAAQAAAgEA6btbwmipoERNAnac1VducqzPQnkNCN1dkVG6hcQT\nsWsL0VtxAZWwJmuZo6ZpoYAZ14zvGi//yrcoYMvWoXsaNl9YZh+48g3ai7GkYy2a\nbESyuXu+E28XukIl07OLYRdS3KkY3OlSAAG5ZJ4C5ILBEVer1MxKpLkcP20khk8J\n4DaxdW6a5T61KfzWdJUiVMOXoUheftFt30UvmDux6b1+36u1okn4RRO99DAT56ue\nEM4tJ6s/fphvwE7wgj3CnfG0KcySJTWZaJaYY7O4S8P8H+0kfXnxd8X31EMqW22a\n/2M4NZEFVXHEGiOV6CFzKcU2Pj5ulRjLsjOolBqtJLQAhoIZPKx+N+dfIBtPyRYV\nxE1BUIBoJnk8QI10aM4HZTT701y5CKageHLUjN6TsroBuhiP1tZiSL+fHynHvdGb\nNJOlhVuG37NVzV+DzL/l5BdNzaPi3BKTrO5K6d9TY5Si/0x7Hegi0IZR4tmjyL7B\n2ZUWVl3JLegjLf5tfGXJfZzoixtfGAGcK7mnAQ3WgWRc0zJK/fKLrgVeHyQZuqMm\nrAH7cGYeM6rFPgYbu2wd+pzoU6jx8VnD1UcBCizLnO2kNkmUuB03Sn2dDMiRH3CU\nekAxLQTzgI+f1WKLjb01wRlIDFQlleQBuO5rtEqQGgOE39XgPHW5OdMIK73PVeno\nJp0AAAc4zTlOt805TrcAAAAHc3NoLXJzYQAAAgEA6btbwmipoERNAnac1VducqzP\nQnkNCN1dkVG6hcQTsWsL0VtxAZWwJmuZo6ZpoYAZ14zvGi//yrcoYMvWoXsaNl9Y\nZh+48g3ai7GkYy2abESyuXu+E28XukIl07OLYRdS3KkY3OlSAAG5ZJ4C5ILBEVer\n1MxKpLkcP20khk8J4DaxdW6a5T61KfzWdJUiVMOXoUheftFt30UvmDux6b1+36u1\nokn4RRO99DAT56ueEM4tJ6s/fphvwE7wgj3CnfG0KcySJTWZaJaYY7O4S8P8H+0k\nfXnxd8X31EMqW22a/2M4NZEFVXHEGiOV6CFzKcU2Pj5ulRjLsjOolBqtJLQAhoIZ\nPKx+N+dfIBtPyRYVxE1BUIBoJnk8QI10aM4HZTT701y5CKageHLUjN6TsroBuhiP\n1tZiSL+fHynHvdGbNJOlhVuG37NVzV+DzL/l5BdNzaPi3BKTrO5K6d9TY5Si/0x7\nHegi0IZR4tmjyL7B2ZUWVl3JLegjLf5tfGXJfZzoixtfGAGcK7mnAQ3WgWRc0zJK\n/fKLrgVeHyQZuqMmrAH7cGYeM6rFPgYbu2wd+pzoU6jx8VnD1UcBCizLnO2kNkmU\nuB03Sn2dDMiRH3CUekAxLQTzgI+f1WKLjb01wRlIDFQlleQBuO5rtEqQGgOE39Xg\nPHW5OdMIK73PVenoJp0AAAADAQABAAACAQCXovv29pwF5AnqLTW2m1CGiWK1h39T\nXvpTSyitm/YCxqYWHzMDii+L3YcByvcA1fDuDPsajEVxKL7DfbszbIAnAliBeNcu\nAprkwk0aIv3qe+9Pst4wEYTdTAjqfbNRPCaADhyZRa3zXyr+Ah1yTvoe3DgYiKls\nkMOoypBFqoWHtzQOMcHANJyoLuabIB3zzClVc3QK5qhXj7U/GItmT5A+YFIohcDS\nX+p+v6pKROb5lClrcQhyg0cNBqm2dYcLnUH7VEMEbO+oEPuww2ovjWjG9b0UwsZL\npF4SkbirNEK4qZBQAFPriTFmm+une/wQ/2cfnrVzeXC9nhIic+QcycMEQ1FaO9pG\n/NDJVhTMYtXoxAcQBVYhvuNAFmVBPgYse8VM1cUmxhVMuti/KkFI+QyCcwgVduC5\nlNnEAGtnpBxoO3ASYwBtu7uJYc1UZ8lR93b9nWiI+cLsZ8Fncj+bE2szC0aecRfi\nF9ScQPEbTLhDs+YADkp6DsQk8UPSBDOpxw83lP7volpQE0BCepkxEz/+CbemTka5\nWRoN+h0p+3CKvDpIBGRqsNpBsNp21y/Hg8hBVZ4pNhrVSLjQNUYUb92dMojogqmU\n35pFs8hj8zqMGvGJoD4/HYHTGtPHLN00noA0EPrys75bCmuULvdCPFLXIeoVMWu4\nwXkMkET/3S4twQAAAQBYMAWHldqS6qzhp05bNleF8pm3NwFoKMK55vaeEyMXyoLB\nialest/JO+8j/L8hGIjROYoD0oSrsZculMqEmLFm6FDa9RUxqKTWdBdUxVDCfF90\ncBVVUPza0x3qThDK4NLVF9PQMQlAphO0LxlcuQjrimqoob64HjILrcTFkdp6xdO1\nIZDS2t8153kF3dA4z7r4ubPP5xnqCiOxFi7s7CsKzaHmNWRtLmxnax/CMcSPGLPn\n+n9vmieaKRoBJerK3jm4Vq/4qyHGeIfth6Di1hAa1tkEV0oJLpqPjROSG3ynfr/F\n+1iYTM14zbOqWHHz/kfdBLkP8+ERJs9aEY49TnURAAABAQDsTrDdy2Jf/yL1intJ\neUM2gROAiE5KUtBBpYfeHhy+gPvveTcr9HnYB5WL18EkkdD+U3WepZCot3nC/RsF\nplx220jKftmELayY2fDabACYHT6yh4GQlWHouyt56iX8hHrFMDGXTjmx9vZzsYwz\nHyMfymf1+IJe1RlB9OmCkGAoJhuk6IpuK7njhAp1uT7XR9mHEWQgrA8t1zI+kTIs\n+jtjEtlaOnYNXPMUivqlDz+aL1Xt1eobrROzcbTcYKSvqNzWZ2RRFA5Ap5NaFy3o\naLE4k3H+nF7u4mTwOp30PHPutW29uO2v7dd0PHOD5/AyWesm2DNQ+FsWEfmWwjID\nnmDJAAABAQD9NbjltSpJG3sykgzuco1uqIPsmzkN/sVpK52v6WmXL+aX2pQInzy6\ncCJzkeLCEVkbhWlHsQ9JsJK2F2cuDMgS0UITRbLaVmwy5HEdFmlZu8HE/k2SrAuk\nC/9aQQAdJSNSq9zRySqP3knlCnm7T/U1NgoNVzZ4D0iwU/6gefkiGPcNzaYS1NkT\nJrKpDBolzb1EpDVLQyZHY25lEyvqYBY6qkiQoCFvYJg7+MX4Qds/5awQJyBAiHvt\nq1ZWURG2EF5HIH8RFt76YlBR6Ym1XIwTkFxN1ZBRrcsFsT+MEDVWR7P6oarrtg6h\nROBy9/hgE0XFDH8iOBWbLFME5yi6MLU1AAAAAAEC\n-----END OPENSSH PRIVATE KEY-----\n",
            "private_key_pem": "-----BEGIN RSA PRIVATE KEY-----\nMIIJKQIBAAKCAgEA6btbwmipoERNAnac1VducqzPQnkNCN1dkVG6hcQTsWsL0Vtx\nAZWwJmuZo6ZpoYAZ14zvGi//yrcoYMvWoXsaNl9YZh+48g3ai7GkYy2abESyuXu+\nE28XukIl07OLYRdS3KkY3OlSAAG5ZJ4C5ILBEVer1MxKpLkcP20khk8J4DaxdW6a\n5T61KfzWdJUiVMOXoUheftFt30UvmDux6b1+36u1okn4RRO99DAT56ueEM4tJ6s/\nfphvwE7wgj3CnfG0KcySJTWZaJaYY7O4S8P8H+0kfXnxd8X31EMqW22a/2M4NZEF\nVXHEGiOV6CFzKcU2Pj5ulRjLsjOolBqtJLQAhoIZPKx+N+dfIBtPyRYVxE1BUIBo\nJnk8QI10aM4HZTT701y5CKageHLUjN6TsroBuhiP1tZiSL+fHynHvdGbNJOlhVuG\n37NVzV+DzL/l5BdNzaPi3BKTrO5K6d9TY5Si/0x7Hegi0IZR4tmjyL7B2ZUWVl3J\nLegjLf5tfGXJfZzoixtfGAGcK7mnAQ3WgWRc0zJK/fKLrgVeHyQZuqMmrAH7cGYe\nM6rFPgYbu2wd+pzoU6jx8VnD1UcBCizLnO2kNkmUuB03Sn2dDMiRH3CUekAxLQTz\ngI+f1WKLjb01wRlIDFQlleQBuO5rtEqQGgOE39XgPHW5OdMIK73PVenoJp0CAwEA\nAQKCAgEAl6L79vacBeQJ6i01tptQholitYd/U176U0sorZv2AsamFh8zA4ovi92H\nAcr3ANXw7gz7GoxFcSi+w327M2yAJwJYgXjXLgKa5MJNGiL96nvvT7LeMBGE3UwI\n6n2zUTwmgA4cmUWt818q/gIdck76Htw4GIipbJDDqMqQRaqFh7c0DjHBwDScqC7m\nmyAd88wpVXN0CuaoV4+1PxiLZk+QPmBSKIXA0l/qfr+qSkTm+ZQpa3EIcoNHDQap\ntnWHC51B+1RDBGzvqBD7sMNqL41oxvW9FMLGS6ReEpG4qzRCuKmQUABT64kxZpvr\np3v8EP9nH561c3lwvZ4SInPkHMnDBENRWjvaRvzQyVYUzGLV6MQHEAVWIb7jQBZl\nQT4GLHvFTNXFJsYVTLrYvypBSPkMgnMIFXbguZTZxABrZ6QcaDtwEmMAbbu7iWHN\nVGfJUfd2/Z1oiPnC7GfBZ3I/mxNrMwtGnnEX4hfUnEDxG0y4Q7PmAA5Keg7EJPFD\n0gQzqccPN5T+76JaUBNAQnqZMRM//gm3pk5GuVkaDfodKftwirw6SARkarDaQbDa\ndtcvx4PIQVWeKTYa1Ui40DVGFG/dnTKI6IKplN+aRbPIY/M6jBrxiaA+Px2B0xrT\nxyzdNJ6ANBD68rO+WwprlC73QjxS1yHqFTFruMF5DJBE/90uLcECggEBAOxOsN3L\nYl//IvWKe0l5QzaBE4CITkpS0EGlh94eHL6A++95Nyv0edgHlYvXwSSR0P5TdZ6l\nkKi3ecL9GwWmXHbbSMp+2YQtrJjZ8NpsAJgdPrKHgZCVYei7K3nqJfyEesUwMZdO\nObH29nOxjDMfIx/KZ/X4gl7VGUH06YKQYCgmG6Toim4rueOECnW5PtdH2YcRZCCs\nDy3XMj6RMiz6O2MS2Vo6dg1c8xSK+qUPP5ovVe3V6hutE7NxtNxgpK+o3NZnZFEU\nDkCnk1oXLehosTiTcf6cXu7iZPA6nfQ8c+61bb247a/t13Q8c4Pn8DJZ6ybYM1D4\nWxYR+ZbCMgOeYMkCggEBAP01uOW1KkkbezKSDO5yjW6og+ybOQ3+xWkrna/paZcv\n5pfalAifPLpwInOR4sIRWRuFaUexD0mwkrYXZy4MyBLRQhNFstpWbDLkcR0WaVm7\nwcT+TZKsC6QL/1pBAB0lI1Kr3NHJKo/eSeUKebtP9TU2Cg1XNngPSLBT/qB5+SIY\n9w3NphLU2RMmsqkMGiXNvUSkNUtDJkdjbmUTK+pgFjqqSJCgIW9gmDv4xfhB2z/l\nrBAnIECIe+2rVlZREbYQXkcgfxEW3vpiUFHpibVcjBOQXE3VkFGtywWxP4wQNVZH\ns/qhquu2DqFE4HL3+GATRcUMfyI4FZssUwTnKLowtTUCggEAe4KNsv9wxZgG36un\n0LlOxhgk51NXCEXMj+NC5nd6sp+cDoieq5y2apFcOqFkVAba43Mf0PHccDKls6Kz\nEvrm7UCkBSLT8eAljCatWpyEmvz+HjXxJG7Po+LgUHJvtFJSEOqloN3EDh50pfew\nva+SnjUerVNcYNCkyPKHcjSf7Zwtar4YTIkSObZz+R//lmn5aj1OxjzoGh+WJVmi\njhukGp5peF2CAm4Ipz4Uz1zu81m2Yf8iw6Bs4aeWznC84wsxkeasaiw/Xs+3lqjy\n17yQlG+Mb3WvsNAnzd/1WwiV17iASV907DU2HYzTG6iIxOh2nfD2sWV9xkVS3NdX\naMjI8QKCAQEAotf+BZ0xiLrnzGopbuC1HMm7rltVoi6Lf0vRqeSPR/BCeL7WHYVr\nZOvg/DqCfxTxHcX7I2Q31Mh+UiVS8ka+FXwG5qYYlFqoU0KfjHlxX4hk4fA6q22C\nPwqIOt8614Oe5/gnl7Osb8Ih++90woZ1yLbsWBASs7wAn4YlZ8eJ9efgWzw65jmF\nMc/dbuKdnlpmstJ4g+K3p4nG4bImuCD7qtcAvCJ/3kVdIpSnnTWdb8ahlfHTyCz+\npqdeazzQCysTtuKrVa5D0PuRdFyhd8YBQEPDWTtUCXOf8hVALS/vXYHXugRnDBiV\n6BmHz+iyD/fVExkqWjN/kcA71BdmFfhlUQKCAQBYMAWHldqS6qzhp05bNleF8pm3\nNwFoKMK55vaeEyMXyoLBialest/JO+8j/L8hGIjROYoD0oSrsZculMqEmLFm6FDa\n9RUxqKTWdBdUxVDCfF90cBVVUPza0x3qThDK4NLVF9PQMQlAphO0LxlcuQjrimqo\nob64HjILrcTFkdp6xdO1IZDS2t8153kF3dA4z7r4ubPP5xnqCiOxFi7s7CsKzaHm\nNWRtLmxnax/CMcSPGLPn+n9vmieaKRoBJerK3jm4Vq/4qyHGeIfth6Di1hAa1tkE\nV0oJLpqPjROSG3ynfr/F+1iYTM14zbOqWHHz/kfdBLkP8+ERJs9aEY49TnUR\n-----END RSA PRIVATE KEY-----\n",
            "private_key_pem_pkcs8": "-----BEGIN PRIVATE KEY-----\nMIIJQwIBADANBgkqhkiG9w0BAQEFAASCCS0wggkpAgEAAoICAQDpu1vCaKmgRE0C\ndpzVV25yrM9CeQ0I3V2RUbqFxBOxawvRW3EBlbAma5mjpmmhgBnXjO8aL//Ktyhg\ny9ahexo2X1hmH7jyDdqLsaRjLZpsRLK5e74Tbxe6QiXTs4thF1LcqRjc6VIAAblk\nngLkgsERV6vUzEqkuRw/bSSGTwngNrF1bprlPrUp/NZ0lSJUw5ehSF5+0W3fRS+Y\nO7HpvX7fq7WiSfhFE730MBPnq54Qzi0nqz9+mG/ATvCCPcKd8bQpzJIlNZlolphj\ns7hLw/wf7SR9efF3xffUQypbbZr/Yzg1kQVVccQaI5XoIXMpxTY+Pm6VGMuyM6iU\nGq0ktACGghk8rH43518gG0/JFhXETUFQgGgmeTxAjXRozgdlNPvTXLkIpqB4ctSM\n3pOyugG6GI/W1mJIv58fKce90Zs0k6WFW4bfs1XNX4PMv+XkF03No+LcEpOs7krp\n31NjlKL/THsd6CLQhlHi2aPIvsHZlRZWXckt6CMt/m18Zcl9nOiLG18YAZwruacB\nDdaBZFzTMkr98ouuBV4fJBm6oyasAftwZh4zqsU+Bhu7bB36nOhTqPHxWcPVRwEK\nLMuc7aQ2SZS4HTdKfZ0MyJEfcJR6QDEtBPOAj5/VYouNvTXBGUgMVCWV5AG47mu0\nSpAaA4Tf1eA8dbk50wgrvc9V6egmnQIDAQABAoICAQCXovv29pwF5AnqLTW2m1CG\niWK1h39TXvpTSyitm/YCxqYWHzMDii+L3YcByvcA1fDuDPsajEVxKL7DfbszbIAn\nAliBeNcuAprkwk0aIv3qe+9Pst4wEYTdTAjqfbNRPCaADhyZRa3zXyr+Ah1yTvoe\n3DgYiKlskMOoypBFqoWHtzQOMcHANJyoLuabIB3zzClVc3QK5qhXj7U/GItmT5A+\nYFIohcDSX+p+v6pKROb5lClrcQhyg0cNBqm2dYcLnUH7VEMEbO+oEPuww2ovjWjG\n9b0UwsZLpF4SkbirNEK4qZBQAFPriTFmm+une/wQ/2cfnrVzeXC9nhIic+QcycME\nQ1FaO9pG/NDJVhTMYtXoxAcQBVYhvuNAFmVBPgYse8VM1cUmxhVMuti/KkFI+QyC\ncwgVduC5lNnEAGtnpBxoO3ASYwBtu7uJYc1UZ8lR93b9nWiI+cLsZ8Fncj+bE2sz\nC0aecRfiF9ScQPEbTLhDs+YADkp6DsQk8UPSBDOpxw83lP7volpQE0BCepkxEz/+\nCbemTka5WRoN+h0p+3CKvDpIBGRqsNpBsNp21y/Hg8hBVZ4pNhrVSLjQNUYUb92d\nMojogqmU35pFs8hj8zqMGvGJoD4/HYHTGtPHLN00noA0EPrys75bCmuULvdCPFLX\nIeoVMWu4wXkMkET/3S4twQKCAQEA7E6w3ctiX/8i9Yp7SXlDNoETgIhOSlLQQaWH\n3h4cvoD773k3K/R52AeVi9fBJJHQ/lN1nqWQqLd5wv0bBaZcdttIyn7ZhC2smNnw\n2mwAmB0+soeBkJVh6Lsreeol/IR6xTAxl045sfb2c7GMMx8jH8pn9fiCXtUZQfTp\ngpBgKCYbpOiKbiu544QKdbk+10fZhxFkIKwPLdcyPpEyLPo7YxLZWjp2DVzzFIr6\npQ8/mi9V7dXqG60Ts3G03GCkr6jc1mdkURQOQKeTWhct6GixOJNx/pxe7uJk8Dqd\n9Dxz7rVtvbjtr+3XdDxzg+fwMlnrJtgzUPhbFhH5lsIyA55gyQKCAQEA/TW45bUq\nSRt7MpIM7nKNbqiD7Js5Df7FaSudr+lply/ml9qUCJ88unAic5HiwhFZG4VpR7EP\nSbCSthdnLgzIEtFCE0Wy2lZsMuRxHRZpWbvBxP5NkqwLpAv/WkEAHSUjUqvc0ckq\nj95J5Qp5u0/1NTYKDVc2eA9IsFP+oHn5Ihj3Dc2mEtTZEyayqQwaJc29RKQ1S0Mm\nR2NuZRMr6mAWOqpIkKAhb2CYO/jF+EHbP+WsECcgQIh77atWVlERthBeRyB/ERbe\n+mJQUemJtVyME5BcTdWQUa3LBbE/jBA1Vkez+qGq67YOoUTgcvf4YBNFxQx/IjgV\nmyxTBOcoujC1NQKCAQB7go2y/3DFmAbfq6fQuU7GGCTnU1cIRcyP40Lmd3qyn5wO\niJ6rnLZqkVw6oWRUBtrjcx/Q8dxwMqWzorMS+ubtQKQFItPx4CWMJq1anISa/P4e\nNfEkbs+j4uBQcm+0UlIQ6qWg3cQOHnSl97C9r5KeNR6tU1xg0KTI8odyNJ/tnC1q\nvhhMiRI5tnP5H/+WaflqPU7GPOgaH5YlWaKOG6Qanml4XYICbginPhTPXO7zWbZh\n/yLDoGzhp5bOcLzjCzGR5qxqLD9ez7eWqPLXvJCUb4xvda+w0CfN3/VbCJXXuIBJ\nX3TsNTYdjNMbqIjE6Had8PaxZX3GRVLc11doyMjxAoIBAQCi1/4FnTGIuufMailu\n4LUcybuuW1WiLot/S9Gp5I9H8EJ4vtYdhWtk6+D8OoJ/FPEdxfsjZDfUyH5SJVLy\nRr4VfAbmphiUWqhTQp+MeXFfiGTh8DqrbYI/Cog63zrXg57n+CeXs6xvwiH773TC\nhnXItuxYEBKzvACfhiVnx4n15+BbPDrmOYUxz91u4p2eWmay0niD4renicbhsia4\nIPuq1wC8In/eRV0ilKedNZ1vxqGV8dPILP6mp15rPNALKxO24qtVrkPQ+5F0XKF3\nxgFAQ8NZO1QJc5/yFUAtL+9dgde6BGcMGJXoGYfP6LIP99UTGSpaM3+RwDvUF2YV\n+GVRAoIBAFgwBYeV2pLqrOGnTls2V4Xymbc3AWgowrnm9p4TIxfKgsGJqV6y38k7\n7yP8vyEYiNE5igPShKuxly6UyoSYsWboUNr1FTGopNZ0F1TFUMJ8X3RwFVVQ/NrT\nHepOEMrg0tUX09AxCUCmE7QvGVy5COuKaqihvrgeMgutxMWR2nrF07UhkNLa3zXn\neQXd0DjPuvi5s8/nGeoKI7EWLuzsKwrNoeY1ZG0ubGdrH8IxxI8Ys+f6f2+aJ5op\nGgEl6sreObhWr/irIcZ4h+2HoOLWEBrW2QRXSgkumo+NE5IbfKd+v8X7WJhMzXjN\ns6pYcfP+R90EuQ/z4REmz1oRjj1OdRE=\n-----END PRIVATE KEY-----\n",
            "public_key_fingerprint_md5": "7e:ee:03:fe:75:a3:97:43:c3:87:0e:dd:a3:ec:56:d3",
            "public_key_fingerprint_sha256": "SHA256:LEOubHWiZsW8iosHUYJxc6w76qP7ZLCTzVwstnRQps4",
            "public_key_openssh": "ssh-rsa AAAAB3NzaC1yc2EAAAADAQABAAACAQDpu1vCaKmgRE0CdpzVV25yrM9CeQ0I3V2RUbqFxBOxawvRW3EBlbAma5mjpmmhgBnXjO8aL//Ktyhgy9ahexo2X1hmH7jyDdqLsaRjLZpsRLK5e74Tbxe6QiXTs4thF1LcqRjc6VIAAblkngLkgsERV6vUzEqkuRw/bSSGTwngNrF1bprlPrUp/NZ0lSJUw5ehSF5+0W3fRS+YO7HpvX7fq7WiSfhFE730MBPnq54Qzi0nqz9+mG/ATvCCPcKd8bQpzJIlNZlolphjs7hLw/wf7SR9efF3xffUQypbbZr/Yzg1kQVVccQaI5XoIXMpxTY+Pm6VGMuyM6iUGq0ktACGghk8rH43518gG0/JFhXETUFQgGgmeTxAjXRozgdlNPvTXLkIpqB4ctSM3pOyugG6GI/W1mJIv58fKce90Zs0k6WFW4bfs1XNX4PMv+XkF03No+LcEpOs7krp31NjlKL/THsd6CLQhlHi2aPIvsHZlRZWXckt6CMt/m18Zcl9nOiLG18YAZwruacBDdaBZFzTMkr98ouuBV4fJBm6oyasAftwZh4zqsU+Bhu7bB36nOhTqPHxWcPVRwEKLMuc7aQ2SZS4HTdKfZ0MyJEfcJR6QDEtBPOAj5/VYouNvTXBGUgMVCWV5AG47mu0SpAaA4Tf1eA8dbk50wgrvc9V6egmnQ==\n",
            "public_key_pem": "-----BEGIN PUBLIC KEY-----\nMIICIjANBgkqhkiG9w0BAQEFAAOCAg8AMIICCgKCAgEA6btbwmipoERNAnac1Vdu\ncqzPQnkNCN1dkVG6hcQTsWsL0VtxAZWwJmuZo6ZpoYAZ14zvGi//yrcoYMvWoXsa\nNl9YZh+48g3ai7GkYy2abESyuXu+E28XukIl07OLYRdS3KkY3OlSAAG5ZJ4C5ILB\nEVer1MxKpLkcP20khk8J4DaxdW6a5T61KfzWdJUiVMOXoUheftFt30UvmDux6b1+\n36u1okn4RRO99DAT56ueEM4tJ6s/fphvwE7wgj3CnfG0KcySJTWZaJaYY7O4S8P8\nH+0kfXnxd8X31EMqW22a/2M4NZEFVXHEGiOV6CFzKcU2Pj5ulRjLsjOolBqtJLQA\nhoIZPKx+N+dfIBtPyRYVxE1BUIBoJnk8QI10aM4HZTT701y5CKageHLUjN6TsroB\nuhiP1tZiSL+fHynHvdGbNJOlhVuG37NVzV+DzL/l5BdNzaPi3BKTrO5K6d9TY5Si\n/0x7Hegi0IZR4tmjyL7B2ZUWVl3JLegjLf5tfGXJfZzoixtfGAGcK7mnAQ3WgWRc\n0zJK/fKLrgVeHyQZuqMmrAH7cGYeM6rFPgYbu2wd+pzoU6jx8VnD1UcBCizLnO2k\nNkmUuB03Sn2dDMiRH3CUekAxLQTzgI+f1WKLjb01wRlIDFQlleQBuO5rtEqQGgOE\n39XgPHW5OdMIK73PVenoJp0CAwEAAQ==\n-----END PUBLIC KEY-----\n",
            "rsa_bits": 4096
          },
          "sensitive_attributes": []
        }
      ]
    }
  ]
}
